Microsoft Visual Studio Solution File, Format Version 12.00
# Visual Studio Version 17
VisualStudioVersion = 17.5.2.0
MinimumVisualStudioVersion = 10.0.40219.1
Project("{FAE04EC0-301F-11D3-BF4B-00C04F79EFBC}") = "InventBox.Desktop", "InventBox.Desktop.csproj", "{3C47A553-A0B7-6064-0CDC-F3481E56BB1A}"
EndProject
Global
	GlobalSection(SolutionConfigurationPlatforms) = preSolution
		Debug|Any CPU = Debug|Any CPU
		Release|Any CPU = Release|Any CPU
	EndGlobalSection
	GlobalSection(ProjectConfigurationPlatforms) = postSolution
		{3C47A553-A0B7-6064-0CDC-F3481E56BB1A}.Debug|Any CPU.ActiveCfg = Debug|Any CPU
		{3C47A553-A0B7-6064-0CDC-F3481E56BB1A}.Debug|Any CPU.Build.0 = Debug|Any CPU
		{3C47A553-A0B7-6064-0CDC-F3481E56BB1A}.Release|Any CPU.ActiveCfg = Release|Any CPU
		{3C47A553-A0B7-6064-0CDC-F3481E56BB1A}.Release|Any CPU.Build.0 = Release|Any CPU
	EndGlobalSection
	GlobalSection(SolutionProperties) = preSolution
		HideSolutionNode = FALSE
	EndGlobalSection
	GlobalSection(ExtensibilityGlobals) = postSolution
		SolutionGuid = {7BA33F0C-0FE3-4088-8CB1-9B3C2F03B3AE}
	EndGlobalSection
EndGlobal
